
Microsoft Visual Studio Solution File, Format Version 12.00
# Visual Studio Version 17
VisualStudioVersion = 17.0.32126.317
MinimumVisualStudioVersion = 10.0.40219.1
Project("{9A19103F-16F7-4668-BE54-9A1E7A4F7556}") = "MongoDbCorePoc", "MongoDbCorePoc\MongoDbCorePoc.csproj", "{69E903D8-5E72-4E5C-B432-70096EC859EF}"
EndProject
Project("{FAE04EC0-301F-11D3-BF4B-00C04F79EFBC}") = "MongoDbService", "MongoDbService\MongoDbService.csproj", "{4345CB47-9ADE-463C-86FC-6703EB9CE3B1}"
EndProject
Global
	GlobalSection(SolutionConfigurationPlatforms) = preSolution
		Debug|Any CPU = Debug|Any CPU
		Release|Any CPU = Release|Any CPU
	EndGlobalSection
	GlobalSection(ProjectConfigurationPlatforms) = postSolution
		{69E903D8-5E72-4E5C-B432-70096EC859EF}.Debug|Any CPU.ActiveCfg = Debug|Any CPU
		{69E903D8-5E72-4E5C-B432-70096EC859EF}.Debug|Any CPU.Build.0 = Debug|Any CPU
		{69E903D8-5E72-4E5C-B432-70096EC859EF}.Release|Any CPU.ActiveCfg = Release|Any CPU
		{69E903D8-5E72-4E5C-B432-70096EC859EF}.Release|Any CPU.Build.0 = Release|Any CPU
		{4345CB47-9ADE-463C-86FC-6703EB9CE3B1}.Debug|Any CPU.ActiveCfg = Debug|Any CPU
		{4345CB47-9ADE-463C-86FC-6703EB9CE3B1}.Debug|Any CPU.Build.0 = Debug|Any CPU
		{4345CB47-9ADE-463C-86FC-6703EB9CE3B1}.Release|Any CPU.ActiveCfg = Release|Any CPU
		{4345CB47-9ADE-463C-86FC-6703EB9CE3B1}.Release|Any CPU.Build.0 = Release|Any CPU
	EndGlobalSection
	GlobalSection(SolutionProperties) = preSolution
		HideSolutionNode = FALSE
	EndGlobalSection
	GlobalSection(ExtensibilityGlobals) = postSolution
		SolutionGuid = {E5F2FFDF-213C-486B-B051-11413987FC69}
	EndGlobalSection
EndGlobal
